
Microsoft Visual Studio Solution File, Format Version 12.00
# Visual Studio 15
VisualStudioVersion = 15.0.28010.2048
MinimumVisualStudioVersion = 10.0.40219.1
Project("{9A19103F-16F7-4668-BE54-9A1E7A4F7556}") = "DynamicsCrmMappingUtility", "Dynamics365AutoMapper\DynamicsCrmMappingUtility.csproj", "{0C6E59AD-5679-4CB4-BADC-E9D8FFF3EE0F}"
EndProject
Project("{9A19103F-16F7-4668-BE54-9A1E7A4F7556}") = "DynamicsCrmMappingUtility.Tests", "Dynamics365AutoMapper.Tests\DynamicsCrmMappingUtility.Tests.csproj", "{880F08FC-01FF-4BDC-90F1-6DD0890AA565}"
EndProject
Project("{9A19103F-16F7-4668-BE54-9A1E7A4F7556}") = "D365.Samples.WebHooks", "D365.Samples.WebHooks\D365.Samples.WebHooks.csproj", "{90853A66-D16C-4002-9355-67EF9D791EA3}"
EndProject
Global
	GlobalSection(SolutionConfigurationPlatforms) = preSolution
		Debug|Any CPU = Debug|Any CPU
		Release|Any CPU = Release|Any CPU
	EndGlobalSection
	GlobalSection(ProjectConfigurationPlatforms) = postSolution
		{0C6E59AD-5679-4CB4-BADC-E9D8FFF3EE0F}.Debug|Any CPU.ActiveCfg = Debug|Any CPU
		{0C6E59AD-5679-4CB4-BADC-E9D8FFF3EE0F}.Debug|Any CPU.Build.0 = Debug|Any CPU
		{0C6E59AD-5679-4CB4-BADC-E9D8FFF3EE0F}.Release|Any CPU.ActiveCfg = Release|Any CPU
		{0C6E59AD-5679-4CB4-BADC-E9D8FFF3EE0F}.Release|Any CPU.Build.0 = Release|Any CPU
		{880F08FC-01FF-4BDC-90F1-6DD0890AA565}.Debug|Any CPU.ActiveCfg = Debug|Any CPU
		{880F08FC-01FF-4BDC-90F1-6DD0890AA565}.Debug|Any CPU.Build.0 = Debug|Any CPU
		{880F08FC-01FF-4BDC-90F1-6DD0890AA565}.Release|Any CPU.ActiveCfg = Release|Any CPU
		{880F08FC-01FF-4BDC-90F1-6DD0890AA565}.Release|Any CPU.Build.0 = Release|Any CPU
		{90853A66-D16C-4002-9355-67EF9D791EA3}.Debug|Any CPU.ActiveCfg = Debug|Any CPU
		{90853A66-D16C-4002-9355-67EF9D791EA3}.Debug|Any CPU.Build.0 = Debug|Any CPU
		{90853A66-D16C-4002-9355-67EF9D791EA3}.Release|Any CPU.ActiveCfg = Release|Any CPU
		{90853A66-D16C-4002-9355-67EF9D791EA3}.Release|Any CPU.Build.0 = Release|Any CPU
	EndGlobalSection
	GlobalSection(SolutionProperties) = preSolution
		HideSolutionNode = FALSE
	EndGlobalSection
	GlobalSection(ExtensibilityGlobals) = postSolution
		SolutionGuid = {D7923495-A710-4EC4-AA22-DC2D9F4B485D}
	EndGlobalSection
EndGlobal
